
Microsoft Visual Studio Solution File, Format Version 12.00
# Visual Studio Version 17
VisualStudioVersion = 17.9.34622.214
MinimumVisualStudioVersion = 10.0.40219.1
Project("{FAE04EC0-301F-11D3-BF4B-00C04F79EFBC}") = "BlogItAPI", "BlogItAPI\BlogItAPI.csproj", "{26F44B2C-439A-4A4B-B3CC-75E7CE4CBECC}"
EndProject
Global
	GlobalSection(SolutionConfigurationPlatforms) = preSolution
		Debug|Any CPU = Debug|Any CPU
		Release|Any CPU = Release|Any CPU
	EndGlobalSection
	GlobalSection(ProjectConfigurationPlatforms) = postSolution
		{26F44B2C-439A-4A4B-B3CC-75E7CE4CBECC}.Debug|Any CPU.ActiveCfg = Debug|Any CPU
		{26F44B2C-439A-4A4B-B3CC-75E7CE4CBECC}.Debug|Any CPU.Build.0 = Debug|Any CPU
		{26F44B2C-439A-4A4B-B3CC-75E7CE4CBECC}.Release|Any CPU.ActiveCfg = Release|Any CPU
		{26F44B2C-439A-4A4B-B3CC-75E7CE4CBECC}.Release|Any CPU.Build.0 = Release|Any CPU
	EndGlobalSection
	GlobalSection(SolutionProperties) = preSolution
		HideSolutionNode = FALSE
	EndGlobalSection
	GlobalSection(ExtensibilityGlobals) = postSolution
		SolutionGuid = {072E1EE6-0442-4E01-BCC0-A1CAAAFED670}
	EndGlobalSection
EndGlobal
